// !$*UTF8*$!
{
	archiveVersion = 1;
	classes = {
	};
	objectVersion = 50;
	objects = {

/* Begin PBXBuildFile section */
		2CA83217140884C5642E6C39 /* Pods_Cheque_.framework in Frameworks */ = {isa = PBXBuildFile; fileRef = 7C93B8821CA1F4ED349D89CC /* Pods_Cheque_.framework */; };
		70C2CE0321B4D5FE00897897 /* GroupsViewController.swift in Sources */ = {isa = PBXBuildFile; fileRef = 70C2CE0221B4D5FE00897897 /* GroupsViewController.swift */; };
		70C2CE1521B4E57200897897 /* EventsInYourGroupCell.swift in Sources */ = {isa = PBXBuildFile; fileRef = 70C2CE1121B4E57100897897 /* EventsInYourGroupCell.swift */; };
		70C2CE1621B4E57200897897 /* GroupCollectionViewCell.swift in Sources */ = {isa = PBXBuildFile; fileRef = 70C2CE1221B4E57100897897 /* GroupCollectionViewCell.swift */; };
		70C2CE1721B4E57200897897 /* UpcomingEventsCell.swift in Sources */ = {isa = PBXBuildFile; fileRef = 70C2CE1321B4E57100897897 /* UpcomingEventsCell.swift */; };
		70C2CE1821B4E57200897897 /* EventTableViewCell.swift in Sources */ = {isa = PBXBuildFile; fileRef = 70C2CE1421B4E57100897897 /* EventTableViewCell.swift */; };
		70C2CE2121B4E57F00897897 /* CreateViewController.swift in Sources */ = {isa = PBXBuildFile; fileRef = 70C2CE1A21B4E57F00897897 /* CreateViewController.swift */; };
		70C2CE2321B4E57F00897897 /* EventsViewController.swift in Sources */ = {isa = PBXBuildFile; fileRef = 70C2CE1C21B4E57F00897897 /* EventsViewController.swift */; };
		70C2CE2421B4E57F00897897 /* LoginViewController.swift in Sources */ = {isa = PBXBuildFile; fileRef = 70C2CE1D21B4E57F00897897 /* LoginViewController.swift */; };
		70C2CE2521B4E57F00897897 /* SingleEventViewController.swift in Sources */ = {isa = PBXBuildFile; fileRef = 70C2CE1E21B4E57F00897897 /* SingleEventViewController.swift */; };
		70C2CE2621B4E57F00897897 /* ViewController.swift in Sources */ = {isa = PBXBuildFile; fileRef = 70C2CE1F21B4E57F00897897 /* ViewController.swift */; };
		70C2CE2A21B4E59B00897897 /* User.swift in Sources */ = {isa = PBXBuildFile; fileRef = 70C2CE2721B4E59B00897897 /* User.swift */; };
		70C2CE2B21B4E59B00897897 /* Event.swift in Sources */ = {isa = PBXBuildFile; fileRef = 70C2CE2821B4E59B00897897 /* Event.swift */; };
		70C2CE2C21B4E59B00897897 /* Group.swift in Sources */ = {isa = PBXBuildFile; fileRef = 70C2CE2921B4E59B00897897 /* Group.swift */; };
		70C2CE3021B4E68100897897 /* HomeViewController.swift in Sources */ = {isa = PBXBuildFile; fileRef = 70C2CE2F21B4E68000897897 /* HomeViewController.swift */; };
		ABCA3A0E21AA479B0088CAC9 /* AppDelegate.swift in Sources */ = {isa = PBXBuildFile; fileRef = ABCA3A0D21AA479B0088CAC9 /* AppDelegate.swift */; };
		ABCA3A1521AA479C0088CAC9 /* Assets.xcassets in Resources */ = {isa = PBXBuildFile; fileRef = ABCA3A1421AA479C0088CAC9 /* Assets.xcassets */; };
		ABCA3A1821AA479C0088CAC9 /* LaunchScreen.storyboard in Resources */ = {isa = PBXBuildFile; fileRef = ABCA3A1621AA479C0088CAC9 /* LaunchScreen.storyboard */; };
		ABD9850221B4A95500660460 /* Poppins-Regular.otf in Resources */ = {isa = PBXBuildFile; fileRef = 70C2CDED21B21D4C00897897 /* Poppins-Regular.otf */; };
		ABD9850321B4A95800660460 /* AvenirLTStd-Medium.otf in Resources */ = {isa = PBXBuildFile; fileRef = 70C2CDEA21B21D2C00897897 /* AvenirLTStd-Medium.otf */; };
		ABD9850421B4A95A00660460 /* AvenirLTStd-Black.otf in Resources */ = {isa = PBXBuildFile; fileRef = 70C2CDEB21B21D3500897897 /* AvenirLTStd-Black.otf */; };
		ABD9850521B4A95D00660460 /* Poppins-SemiBold.otf in Resources */ = {isa = PBXBuildFile; fileRef = 70C2CDEC21B21D4B00897897 /* Poppins-SemiBold.otf */; };
/* End PBXBuildFile section */

/* Begin PBXFileReference section */
		1ADDE3FF341821ED5E519C54 /* Pods-Cheque!.release.xcconfig */ = {isa = PBXFileReference; includeInIndex = 1; lastKnownFileType = text.xcconfig; name = "Pods-Cheque!.release.xcconfig"; path = "Pods/Target Support Files/Pods-Cheque!/Pods-Cheque!.release.xcconfig"; sourceTree = "<group>"; };
		70C2CDEA21B21D2C00897897 /* AvenirLTStd-Medium.otf */ = {isa = PBXFileReference; lastKnownFileType = file; path = "AvenirLTStd-Medium.otf"; sourceTree = "<group>"; };
		70C2CDEB21B21D3500897897 /* AvenirLTStd-Black.otf */ = {isa = PBXFileReference; lastKnownFileType = file; path = "AvenirLTStd-Black.otf"; sourceTree = "<group>"; };
		70C2CDEC21B21D4B00897897 /* Poppins-SemiBold.otf */ = {isa = PBXFileReference; lastKnownFileType = file; path = "Poppins-SemiBold.otf"; sourceTree = "<group>"; };
		70C2CDED21B21D4C00897897 /* Poppins-Regular.otf */ = {isa = PBXFileReference; lastKnownFileType = file; path = "Poppins-Regular.otf"; sourceTree = "<group>"; };
		70C2CE0221B4D5FE00897897 /* GroupsViewController.swift */ = {isa = PBXFileReference; lastKnownFileType = sourcecode.swift; path = GroupsViewController.swift; sourceTree = "<group>"; };
		70C2CE1121B4E57100897897 /* EventsInYourGroupCell.swift */ = {isa = PBXFileReference; fileEncoding = 4; lastKnownFileType = sourcecode.swift; path = EventsInYourGroupCell.swift; sourceTree = "<group>"; };
		70C2CE1221B4E57100897897 /* GroupCollectionViewCell.swift */ = {isa = PBXFileReference; fileEncoding = 4; lastKnownFileType = sourcecode.swift; path = GroupCollectionViewCell.swift; sourceTree = "<group>"; };
		70C2CE1321B4E57100897897 /* UpcomingEventsCell.swift */ = {isa = PBXFileReference; fileEncoding = 4; lastKnownFileType = sourcecode.swift; path = UpcomingEventsCell.swift; sourceTree = "<group>"; };
		70C2CE1421B4E57100897897 /* EventTableViewCell.swift */ = {isa = PBXFileReference; fileEncoding = 4; lastKnownFileType = sourcecode.swift; path = EventTableViewCell.swift; sourceTree = "<group>"; };
		70C2CE1A21B4E57F00897897 /* CreateViewController.swift */ = {isa = PBXFileReference; fileEncoding = 4; lastKnownFileType = sourcecode.swift; path = CreateViewController.swift; sourceTree = "<group>"; };
		70C2CE1C21B4E57F00897897 /* EventsViewController.swift */ = {isa = PBXFileReference; fileEncoding = 4; lastKnownFileType = sourcecode.swift; path = EventsViewController.swift; sourceTree = "<group>"; };
		70C2CE1D21B4E57F00897897 /* LoginViewController.swift */ = {isa = PBXFileReference; fileEncoding = 4; lastKnownFileType = sourcecode.swift; path = LoginViewController.swift; sourceTree = "<group>"; };
		70C2CE1E21B4E57F00897897 /* SingleEventViewController.swift */ = {isa = PBXFileReference; fileEncoding = 4; lastKnownFileType = sourcecode.swift; path = SingleEventViewController.swift; sourceTree = "<group>"; };
		70C2CE1F21B4E57F00897897 /* ViewController.swift */ = {isa = PBXFileReference; fileEncoding = 4; lastKnownFileType = sourcecode.swift; path = ViewController.swift; sourceTree = "<group>"; };
		70C2CE2721B4E59B00897897 /* User.swift */ = {isa = PBXFileReference; fileEncoding = 4; lastKnownFileType = sourcecode.swift; path = User.swift; sourceTree = "<group>"; };
		70C2CE2821B4E59B00897897 /* Event.swift */ = {isa = PBXFileReference; fileEncoding = 4; lastKnownFileType = sourcecode.swift; path = Event.swift; sourceTree = "<group>"; };
		70C2CE2921B4E59B00897897 /* Group.swift */ = {isa = PBXFileReference; fileEncoding = 4; lastKnownFileType = sourcecode.swift; path = Group.swift; sourceTree = "<group>"; };
		70C2CE2F21B4E68000897897 /* HomeViewController.swift */ = {isa = PBXFileReference; fileEncoding = 4; lastKnownFileType = sourcecode.swift; path = HomeViewController.swift; sourceTree = "<group>"; };
		7C93B8821CA1F4ED349D89CC /* Pods_Cheque_.framework */ = {isa = PBXFileReference; explicitFileType = wrapper.framework; includeInIndex = 0; path = Pods_Cheque_.framework; sourceTree = BUILT_PRODUCTS_DIR; };
		9C4810566C1A069037F49C4A /* Pods-Cheque!.debug.xcconfig */ = {isa = PBXFileReference; includeInIndex = 1; lastKnownFileType = text.xcconfig; name = "Pods-Cheque!.debug.xcconfig"; path = "Pods/Target Support Files/Pods-Cheque!/Pods-Cheque!.debug.xcconfig"; sourceTree = "<group>"; };
		ABCA3A0A21AA479B0088CAC9 /* Cheque!.app */ = {isa = PBXFileReference; explicitFileType = wrapper.application; includeInIndex = 0; path = "Cheque!.app"; sourceTree = BUILT_PRODUCTS_DIR; };
		ABCA3A0D21AA479B0088CAC9 /* AppDelegate.swift */ = {isa = PBXFileReference; lastKnownFileType = sourcecode.swift; path = AppDelegate.swift; sourceTree = "<group>"; };
		ABCA3A1421AA479C0088CAC9 /* Assets.xcassets */ = {isa = PBXFileReference; lastKnownFileType = folder.assetcatalog; path = Assets.xcassets; sourceTree = "<group>"; };
		ABCA3A1721AA479C0088CAC9 /* Base */ = {isa = PBXFileReference; lastKnownFileType = file.storyboard; name = Base; path = Base.lproj/LaunchScreen.storyboard; sourceTree = "<group>"; };
		ABCA3A1921AA479C0088CAC9 /* Info.plist */ = {isa = PBXFileReference; lastKnownFileType = text.plist.xml; path = Info.plist; sourceTree = "<group>"; };
/* End PBXFileReference section */

/* Begin PBXFrameworksBuildPhase section */
		ABCA3A0721AA479B0088CAC9 /* Frameworks */ = {
			isa = PBXFrameworksBuildPhase;
			buildActionMask = 2147483647;
			files = (
				2CA83217140884C5642E6C39 /* Pods_Cheque_.framework in Frameworks */,
			);
			runOnlyForDeploymentPostprocessing = 0;
		};
/* End PBXFrameworksBuildPhase section */

/* Begin PBXGroup section */
		69A31C4B01D5CA43EAB8E682 /* Pods */ = {
			isa = PBXGroup;
			children = (
				9C4810566C1A069037F49C4A /* Pods-Cheque!.debug.xcconfig */,
				1ADDE3FF341821ED5E519C54 /* Pods-Cheque!.release.xcconfig */,
			);
			name = Pods;
			sourceTree = "<group>";
		};
		70C2CE0421B4D60800897897 /* ViewConrollers */ = {
			isa = PBXGroup;
			children = (
				70C2CE1F21B4E57F00897897 /* ViewController.swift */,
				70C2CE2F21B4E68000897897 /* HomeViewController.swift */,
				70C2CE1A21B4E57F00897897 /* CreateViewController.swift */,
				70C2CE1C21B4E57F00897897 /* EventsViewController.swift */,
				70C2CE1D21B4E57F00897897 /* LoginViewController.swift */,
				70C2CE1E21B4E57F00897897 /* SingleEventViewController.swift */,
				70C2CE0221B4D5FE00897897 /* GroupsViewController.swift */,
			);
			path = ViewConrollers;
			sourceTree = "<group>";
		};
		70C2CE0521B4D62100897897 /* Cells */ = {
			isa = PBXGroup;
			children = (
				70C2CE1121B4E57100897897 /* EventsInYourGroupCell.swift */,
				70C2CE1421B4E57100897897 /* EventTableViewCell.swift */,
				70C2CE1221B4E57100897897 /* GroupCollectionViewCell.swift */,
				70C2CE1321B4E57100897897 /* UpcomingEventsCell.swift */,
			);
			path = Cells;
			sourceTree = "<group>";
		};
		70C2CE0621B4D63C00897897 /* Classes */ = {
			isa = PBXGroup;
			children = (
				70C2CE2821B4E59B00897897 /* Event.swift */,
				70C2CE2921B4E59B00897897 /* Group.swift */,
				70C2CE2721B4E59B00897897 /* User.swift */,
			);
			path = Classes;
			sourceTree = "<group>";
		};
		AB493CAB21AFD9C600A3DBD7 /* fonts */ = {
			isa = PBXGroup;
			children = (
				70C2CDEA21B21D2C00897897 /* AvenirLTStd-Medium.otf */,
				70C2CDEB21B21D3500897897 /* AvenirLTStd-Black.otf */,
				70C2CDED21B21D4C00897897 /* Poppins-Regular.otf */,
				70C2CDEC21B21D4B00897897 /* Poppins-SemiBold.otf */,
			);
			path = fonts;
			sourceTree = "<group>";
		};
		ABCA3A0121AA479B0088CAC9 = {
			isa = PBXGroup;
			children = (
				ABCA3A0C21AA479B0088CAC9 /* Cheque! */,
				ABCA3A0B21AA479B0088CAC9 /* Products */,
				69A31C4B01D5CA43EAB8E682 /* Pods */,
				E48B4CF7F349549020840108 /* Frameworks */,
			);
			sourceTree = "<group>";
		};
		ABCA3A0B21AA479B0088CAC9 /* Products */ = {
			isa = PBXGroup;
			children = (
				ABCA3A0A21AA479B0088CAC9 /* Cheque!.app */,
			);
			name = Products;
			sourceTree = "<group>";
		};
		ABCA3A0C21AA479B0088CAC9 /* Cheque! */ = {
			isa = PBXGroup;
			children = (
				ABCA3A0D21AA479B0088CAC9 /* AppDelegate.swift */,
				70C2CE0421B4D60800897897 /* ViewConrollers */,
				70C2CE0521B4D62100897897 /* Cells */,
				70C2CE0621B4D63C00897897 /* Classes */,
				ABCA3A1421AA479C0088CAC9 /* Assets.xcassets */,
				ABCA3A1621AA479C0088CAC9 /* LaunchScreen.storyboard */,
				ABCA3A1921AA479C0088CAC9 /* Info.plist */,
				AB493CAB21AFD9C600A3DBD7 /* fonts */,
			);
			path = "Cheque!";
			sourceTree = "<group>";
		};
		E48B4CF7F349549020840108 /* Frameworks */ = {
			isa = PBXGroup;
			children = (
				7C93B8821CA1F4ED349D89CC /* Pods_Cheque_.framework */,
			);
			name = Frameworks;
			sourceTree = "<group>";
		};
/* End PBXGroup section */

/* Begin PBXNativeTarget section */
		ABCA3A0921AA479B0088CAC9 /* Cheque! */ = {
			isa = PBXNativeTarget;
			buildConfigurationList = ABCA3A1C21AA479C0088CAC9 /* Build configuration list for PBXNativeTarget "Cheque!" */;
			buildPhases = (
				0A4215D879521CFC6516CCE2 /* [CP] Check Pods Manifest.lock */,
				ABCA3A0621AA479B0088CAC9 /* Sources */,
				ABCA3A0721AA479B0088CAC9 /* Frameworks */,
				ABCA3A0821AA479B0088CAC9 /* Resources */,
				925D4B9596CF979C727E8BE1 /* [CP] Embed Pods Frameworks */,
				B54275ADB32CB80163F3597D /* [CP] Copy Pods Resources */,
			);
			buildRules = (
			);
			dependencies = (
			);
			name = "Cheque!";
			productName = "Cheque!";
			productReference = ABCA3A0A21AA479B0088CAC9 /* Cheque!.app */;
			productType = "com.apple.product-type.application";
		};
/* End PBXNativeTarget section */

/* Begin PBXProject section */
		ABCA3A0221AA479B0088CAC9 /* Project object */ = {
			isa = PBXProject;
			attributes = {
				LastSwiftUpdateCheck = 0940;
				LastUpgradeCheck = 0940;
				ORGANIZATIONNAME = "Natalie Kalitsi";
				TargetAttributes = {
					ABCA3A0921AA479B0088CAC9 = {
						CreatedOnToolsVersion = 9.4.1;
					};
				};
			};
			buildConfigurationList = ABCA3A0521AA479B0088CAC9 /* Build configuration list for PBXProject "Cheque!" */;
			compatibilityVersion = "Xcode 9.3";
			developmentRegion = en;
			hasScannedForEncodings = 0;
			knownRegions = (
				en,
				Base,
			);
			mainGroup = ABCA3A0121AA479B0088CAC9;
			productRefGroup = ABCA3A0B21AA479B0088CAC9 /* Products */;
			projectDirPath = "";
			projectRoot = "";
			targets = (
				ABCA3A0921AA479B0088CAC9 /* Cheque! */,
			);
		};
/* End PBXProject section */

/* Begin PBXResourcesBuildPhase section */
		ABCA3A0821AA479B0088CAC9 /* Resources */ = {
			isa = PBXResourcesBuildPhase;
			buildActionMask = 2147483647;
			files = (
				ABCA3A1821AA479C0088CAC9 /* LaunchScreen.storyboard in Resources */,
				ABCA3A1521AA479C0088CAC9 /* Assets.xcassets in Resources */,
				ABD9850321B4A95800660460 /* AvenirLTStd-Medium.otf in Resources */,
				ABD9850221B4A95500660460 /* Poppins-Regular.otf in Resources */,
				ABD9850421B4A95A00660460 /* AvenirLTStd-Black.otf in Resources */,
				ABD9850521B4A95D00660460 /* Poppins-SemiBold.otf in Resources */,
			);
			runOnlyForDeploymentPostprocessing = 0;
		};
/* End PBXResourcesBuildPhase section */

/* Begin PBXShellScriptBuildPhase section */
		0A4215D879521CFC6516CCE2 /* [CP] Check Pods Manifest.lock */ = {
			isa = PBXShellScriptBuildPhase;
			buildActionMask = 2147483647;
			files = (
			);
			inputPaths = (
				"${PODS_PODFILE_DIR_PATH}/Podfile.lock",
				"${PODS_ROOT}/Manifest.lock",
			);
			name = "[CP] Check Pods Manifest.lock";
			outputPaths = (
				"$(DERIVED_FILE_DIR)/Pods-Cheque!-checkManifestLockResult.txt",
			);
			runOnlyForDeploymentPostprocessing = 0;
			shellPath = /bin/sh;
			shellScript = "diff \"${PODS_PODFILE_DIR_PATH}/Podfile.lock\" \"${PODS_ROOT}/Manifest.lock\" > /dev/null\nif [ $? != 0 ] ; then\n    # print error to STDERR\n    echo \"error: The sandbox is not in sync with the Podfile.lock. Run 'pod install' or update your CocoaPods installation.\" >&2\n    exit 1\nfi\n# This output is used by Xcode 'outputs' to avoid re-running this script phase.\necho \"SUCCESS\" > \"${SCRIPT_OUTPUT_FILE_0}\"\n";
			showEnvVarsInLog = 0;
		};
		925D4B9596CF979C727E8BE1 /* [CP] Embed Pods Frameworks */ = {
			isa = PBXShellScriptBuildPhase;
			buildActionMask = 2147483647;
			files = (
			);
			inputPaths = (
				"${SRCROOT}/Pods/Target Support Files/Pods-Cheque!/Pods-Cheque!-frameworks.sh",
				"${BUILT_PRODUCTS_DIR}/GTMSessionFetcher/GTMSessionFetcher.framework",
				"${BUILT_PRODUCTS_DIR}/GoogleToolboxForMac/GoogleToolboxForMac.framework",
			);
			name = "[CP] Embed Pods Frameworks";
			outputPaths = (
				"${TARGET_BUILD_DIR}/${FRAMEWORKS_FOLDER_PATH}/GTMSessionFetcher.framework",
				"${TARGET_BUILD_DIR}/${FRAMEWORKS_FOLDER_PATH}/GoogleToolboxForMac.framework",
			);
			runOnlyForDeploymentPostprocessing = 0;
			shellPath = /bin/sh;
			shellScript = "\"${SRCROOT}/Pods/Target Support Files/Pods-Cheque!/Pods-Cheque!-frameworks.sh\"\n";
			showEnvVarsInLog = 0;
		};
		B54275ADB32CB80163F3597D /* [CP] Copy Pods Resources */ = {
			isa = PBXShellScriptBuildPhase;
			buildActionMask = 2147483647;
			files = (
			);
			inputPaths = (
				"${SRCROOT}/Pods/Target Support Files/Pods-Cheque!/Pods-Cheque!-resources.sh",
				"${PODS_ROOT}/GoogleSignIn/Resources/GoogleSignIn.bundle",
			);
			name = "[CP] Copy Pods Resources";
			outputPaths = (
				"${TARGET_BUILD_DIR}/${UNLOCALIZED_RESOURCES_FOLDER_PATH}/GoogleSignIn.bundle",
			);
			runOnlyForDeploymentPostprocessing = 0;
			shellPath = /bin/sh;
			shellScript = "\"${SRCROOT}/Pods/Target Support Files/Pods-Cheque!/Pods-Cheque!-resources.sh\"\n";
			showEnvVarsInLog = 0;
		};
/* End PBXShellScriptBuildPhase section */

/* Begin PBXSourcesBuildPhase section */
		ABCA3A0621AA479B0088CAC9 /* Sources */ = {
			isa = PBXSourcesBuildPhase;
			buildActionMask = 2147483647;
			files = (
				70C2CE2A21B4E59B00897897 /* User.swift in Sources */,
				70C2CE2421B4E57F00897897 /* LoginViewController.swift in Sources */,
				70C2CE2321B4E57F00897897 /* EventsViewController.swift in Sources */,
				70C2CE2C21B4E59B00897897 /* Group.swift in Sources */,
				70C2CE1721B4E57200897897 /* UpcomingEventsCell.swift in Sources */,
				70C2CE3021B4E68100897897 /* HomeViewController.swift in Sources */,
				70C2CE2621B4E57F00897897 /* ViewController.swift in Sources */,
				70C2CE2121B4E57F00897897 /* CreateViewController.swift in Sources */,
				ABCA3A0E21AA479B0088CAC9 /* AppDelegate.swift in Sources */,
				70C2CE1521B4E57200897897 /* EventsInYourGroupCell.swift in Sources */,
				70C2CE1821B4E57200897897 /* EventTableViewCell.swift in Sources */,
				70C2CE1621B4E57200897897 /* GroupCollectionViewCell.swift in Sources */,
				70C2CE0321B4D5FE00897897 /* GroupsViewController.swift in Sources */,
				70C2CE2B21B4E59B00897897 /* Event.swift in Sources */,
				70C2CE2521B4E57F00897897 /* SingleEventViewController.swift in Sources */,
			);
			runOnlyForDeploymentPostprocessing = 0;
		};
/* End PBXSourcesBuildPhase section */

/* Begin PBXVariantGroup section */
		ABCA3A1621AA479C0088CAC9 /* LaunchScreen.storyboard */ = {
			isa = PBXVariantGroup;
			children = (
				ABCA3A1721AA479C0088CAC9 /* Base */,
			);
			name = LaunchScreen.storyboard;
			sourceTree = "<group>";
		};
/* End PBXVariantGroup section */

/* Begin XCBuildConfiguration section */
		ABCA3A1A21AA479C0088CAC9 /* Debug */ = {
			isa = XCBuildConfiguration;
			buildSettings = {
				ALWAYS_SEARCH_USER_PATHS = NO;
				CLANG_ANALYZER_NONNULL = YES;
				CLANG_ANALYZER_NUMBER_OBJECT_CONVERSION = YES_AGGRESSIVE;
				CLANG_CXX_LANGUAGE_STANDARD = "gnu++14";
				CLANG_CXX_LIBRARY = "libc++";
				CLANG_ENABLE_MODULES = YES;
				CLANG_ENABLE_OBJC_ARC = YES;
				CLANG_ENABLE_OBJC_WEAK = YES;
				CLANG_WARN_BLOCK_CAPTURE_AUTORELEASING = YES;
				CLANG_WARN_BOOL_CONVERSION = YES;
				CLANG_WARN_COMMA = YES;
				CLANG_WARN_CONSTANT_CONVERSION = YES;
				CLANG_WARN_DEPRECATED_OBJC_IMPLEMENTATIONS = YES;
				CLANG_WARN_DIRECT_OBJC_ISA_USAGE = YES_ERROR;
				CLANG_WARN_DOCUMENTATION_COMMENTS = YES;
				CLANG_WARN_EMPTY_BODY = YES;
				CLANG_WARN_ENUM_CONVERSION = YES;
				CLANG_WARN_INFINITE_RECURSION = YES;
				CLANG_WARN_INT_CONVERSION = YES;
				CLANG_WARN_NON_LITERAL_NULL_CONVERSION = YES;
				CLANG_WARN_OBJC_IMPLICIT_RETAIN_SELF = YES;
				CLANG_WARN_OBJC_LITERAL_CONVERSION = YES;
				CLANG_WARN_OBJC_ROOT_CLASS = YES_ERROR;
				CLANG_WARN_RANGE_LOOP_ANALYSIS = YES;
				CLANG_WARN_STRICT_PROTOTYPES = YES;
				CLANG_WARN_SUSPICIOUS_MOVE = YES;
				CLANG_WARN_UNGUARDED_AVAILABILITY = YES_AGGRESSIVE;
				CLANG_WARN_UNREACHABLE_CODE = YES;
				CLANG_WARN__DUPLICATE_METHOD_MATCH = YES;
				CODE_SIGN_IDENTITY = "iPhone Developer";
				COPY_PHASE_STRIP = NO;
				DEBUG_INFORMATION_FORMAT = dwarf;
				ENABLE_STRICT_OBJC_MSGSEND = YES;
				ENABLE_TESTABILITY = YES;
				GCC_C_LANGUAGE_STANDARD = gnu11;
				GCC_DYNAMIC_NO_PIC = NO;
				GCC_NO_COMMON_BLOCKS = YES;
				GCC_OPTIMIZATION_LEVEL = 0;
				GCC_PREPROCESSOR_DEFINITIONS = (
					"DEBUG=1",
					"$(inherited)",
				);
				GCC_WARN_64_TO_32_BIT_CONVERSION = YES;
				GCC_WARN_ABOUT_RETURN_TYPE = YES_ERROR;
				GCC_WARN_UNDECLARED_SELECTOR = YES;
				GCC_WARN_UNINITIALIZED_AUTOS = YES_AGGRESSIVE;
				GCC_WARN_UNUSED_FUNCTION = YES;
				GCC_WARN_UNUSED_VARIABLE = YES;
				IPHONEOS_DEPLOYMENT_TARGET = 11.4;
				MTL_ENABLE_DEBUG_INFO = YES;
				ONLY_ACTIVE_ARCH = YES;
				SDKROOT = iphoneos;
				SWIFT_ACTIVE_COMPILATION_CONDITIONS = DEBUG;
				SWIFT_OPTIMIZATION_LEVEL = "-Onone";
			};
			name = Debug;
		};
		ABCA3A1B21AA479C0088CAC9 /* Release */ = {
			isa = XCBuildConfiguration;
			buildSettings = {
				ALWAYS_SEARCH_USER_PATHS = NO;
				CLANG_ANALYZER_NONNULL = YES;
				CLANG_ANALYZER_NUMBER_OBJECT_CONVERSION = YES_AGGRESSIVE;
				CLANG_CXX_LANGUAGE_STANDARD = "gnu++14";
				CLANG_CXX_LIBRARY = "libc++";
				CLANG_ENABLE_MODULES = YES;
				CLANG_ENABLE_OBJC_ARC = YES;
				CLANG_ENABLE_OBJC_WEAK = YES;
				CLANG_WARN_BLOCK_CAPTURE_AUTORELEASING = YES;
				CLANG_WARN_BOOL_CONVERSION = YES;
				CLANG_WARN_COMMA = YES;
				CLANG_WARN_CONSTANT_CONVERSION = YES;
				CLANG_WARN_DEPRECATED_OBJC_IMPLEMENTATIONS = YES;
				CLANG_WARN_DIRECT_OBJC_ISA_USAGE = YES_ERROR;
				CLANG_WARN_DOCUMENTATION_COMMENTS = YES;
				CLANG_WARN_EMPTY_BODY = YES;
				CLANG_WARN_ENUM_CONVERSION = YES;
				CLANG_WARN_INFINITE_RECURSION = YES;
				CLANG_WARN_INT_CONVERSION = YES;
				CLANG_WARN_NON_LITERAL_NULL_CONVERSION = YES;
				CLANG_WARN_OBJC_IMPLICIT_RETAIN_SELF = YES;
				CLANG_WARN_OBJC_LITERAL_CONVERSION = YES;
				CLANG_WARN_OBJC_ROOT_CLASS = YES_ERROR;
				CLANG_WARN_RANGE_LOOP_ANALYSIS = YES;
				CLANG_WARN_STRICT_PROTOTYPES = YES;
				CLANG_WARN_SUSPICIOUS_MOVE = YES;
				CLANG_WARN_UNGUARDED_AVAILABILITY = YES_AGGRESSIVE;
				CLANG_WARN_UNREACHABLE_CODE = YES;
				CLANG_WARN__DUPLICATE_METHOD_MATCH = YES;
				CODE_SIGN_IDENTITY = "iPhone Developer";
				COPY_PHASE_STRIP = NO;
				DEBUG_INFORMATION_FORMAT = "dwarf-with-dsym";
				ENABLE_NS_ASSERTIONS = NO;
				ENABLE_STRICT_OBJC_MSGSEND = YES;
				GCC_C_LANGUAGE_STANDARD = gnu11;
				GCC_NO_COMMON_BLOCKS = YES;
				GCC_WARN_64_TO_32_BIT_CONVERSION = YES;
				GCC_WARN_ABOUT_RETURN_TYPE = YES_ERROR;
				GCC_WARN_UNDECLARED_SELECTOR = YES;
				GCC_WARN_UNINITIALIZED_AUTOS = YES_AGGRESSIVE;
				GCC_WARN_UNUSED_FUNCTION = YES;
				GCC_WARN_UNUSED_VARIABLE = YES;
				IPHONEOS_DEPLOYMENT_TARGET = 11.4;
				MTL_ENABLE_DEBUG_INFO = NO;
				SDKROOT = iphoneos;
				SWIFT_COMPILATION_MODE = wholemodule;
				SWIFT_OPTIMIZATION_LEVEL = "-O";
				VALIDATE_PRODUCT = YES;
			};
			name = Release;
		};
		ABCA3A1D21AA479C0088CAC9 /* Debug */ = {
			isa = XCBuildConfiguration;
			baseConfigurationReference = 9C4810566C1A069037F49C4A /* Pods-Cheque!.debug.xcconfig */;
			buildSettings = {
				ASSETCATALOG_COMPILER_APPICON_NAME = AppIcon;
				CODE_SIGN_STYLE = Automatic;
				INFOPLIST_FILE = "Cheque!/Info.plist";
				LD_RUNPATH_SEARCH_PATHS = (
					"$(inherited)",
					"@executable_path/Frameworks",
				);
				PRODUCT_BUNDLE_IDENTIFIER = "Kali---Co.Cheque-";
				PRODUCT_NAME = "$(TARGET_NAME)";
				SWIFT_VERSION = 4.0;
				TARGETED_DEVICE_FAMILY = "1,2";
			};
			name = Debug;
		};
		ABCA3A1E21AA479C0088CAC9 /* Release */ = {
			isa = XCBuildConfiguration;
			baseConfigurationReference = 1ADDE3FF341821ED5E519C54 /* Pods-Cheque!.release.xcconfig */;
			buildSettings = {
				ASSETCATALOG_COMPILER_APPICON_NAME = AppIcon;
				CODE_SIGN_STYLE = Automatic;
				INFOPLIST_FILE = "Cheque!/Info.plist";
				LD_RUNPATH_SEARCH_PATHS = (
					"$(inherited)",
					"@executable_path/Frameworks",
				);
				PRODUCT_BUNDLE_IDENTIFIER = "Kali---Co.Cheque-";
				PRODUCT_NAME = "$(TARGET_NAME)";
				SWIFT_VERSION = 4.0;
				TARGETED_DEVICE_FAMILY = "1,2";
			};
			name = Release;
		};
/* End XCBuildConfiguration section */

/* Begin XCConfigurationList section */
		ABCA3A0521AA479B0088CAC9 /* Build configuration list for PBXProject "Cheque!" */ = {
			isa = XCConfigurationList;
			buildConfigurations = (
				ABCA3A1A21AA479C0088CAC9 /* Debug */,
				ABCA3A1B21AA479C0088CAC9 /* Release */,
			);
			defaultConfigurationIsVisible = 0;
			defaultConfigurationName = Release;
		};
		ABCA3A1C21AA479C0088CAC9 /* Build configuration list for PBXNativeTarget "Cheque!" */ = {
			isa = XCConfigurationList;
			buildConfigurations = (
				ABCA3A1D21AA479C0088CAC9 /* Debug */,
				ABCA3A1E21AA479C0088CAC9 /* Release */,
			);
			defaultConfigurationIsVisible = 0;
			defaultConfigurationName = Release;
		};
/* End XCConfigurationList section */
	};
	rootObject = ABCA3A0221AA479B0088CAC9 /* Project object */;
}
